# zlib's origin: the deflate implementation libpng, libzip and StormLib stand on.
#
# An annotated tag: `refs/tags/v1.3.1` is the tag object and the hash below is the commit it
# points at.
UPSTREAM_KIND=git
UPSTREAM_URL=https://github.com/madler/zlib
UPSTREAM_REV=51b7f2abdade71cd9bb0e7a373ef2610ec6f9daf
UPSTREAM_REF=v1.3.1
