# SDL2_image's origin. Read by `common/upstream-fetch.sh`.
#
# `release-2.8.12` is a lightweight tag, so the hash is the commit itself. The 2.x line targets
# SDL2; 3.x targets SDL3. Pinned rather than reimplemented (`oops-sdk#D010`).
UPSTREAM_KIND=git
UPSTREAM_URL=https://github.com/libsdl-org/SDL_image
UPSTREAM_REV=12cb2e40330d256d9b1329647be8f366546d715c
UPSTREAM_REF=release-2.8.12
