# spdlog's origin, pinned to the revision `libultraship` asks for: its
# `cmake/dependencies/*.cmake` declares `GIT_TAG v1.16.0` on every platform.
#
# A lightweight tag, so the ref and the commit are the same object.
UPSTREAM_KIND=git
UPSTREAM_URL=https://github.com/gabime/spdlog
UPSTREAM_REV=486b55554f11c9cccc913e11a87085b2a91f706f
UPSTREAM_REF=v1.16.0
