# SDL2_ttf's origin. Read by `common/upstream-fetch.sh`.
#
# `release-2.24.0` is a lightweight tag, so the hash is the commit itself. The 2.x line targets
# SDL2; 3.x targets SDL3. It builds over the pinned FreeType in `../freetype`.
UPSTREAM_KIND=git
UPSTREAM_URL=https://github.com/libsdl-org/SDL_ttf
UPSTREAM_REV=2a891473eaf05ba1707a4b7913e6c4db7de7458a
UPSTREAM_REF=release-2.24.0
