# KiritoDv/prism-processor's origin, pinned to the revision `libultraship` asks for.

# The shader template processor. `gfx_opengl.cpp:23` includes `<prism/processor.h>` to expand
# the F3D combiner into GLSL at run time.
#
# No `UPSTREAM_REF`: the repository has no tags, and `libultraship`'s
# `cmake/dependencies/common.cmake:111` pins the same bare commit, reachable from `main`.
UPSTREAM_KIND=git
UPSTREAM_URL=https://github.com/KiritoDv/prism-processor
UPSTREAM_REV=bbcbc7e3f890a5806b579361e7aa0336acd547e7
