# libjpeg-turbo's origin. Neverball decodes JPEG textures through it - one source, `fs_jpg.c`.
#
# A lightweight tag: `refs/tags/3.1.4` and its peeled form give the same commit.
#
# libjpeg-turbo is the maintained, API-compatible successor to IJG libjpeg. SIMD is off: it is
# per-architecture NASM assembly, and the C path decodes the same images.
UPSTREAM_KIND=git
UPSTREAM_URL=https://github.com/libjpeg-turbo/libjpeg-turbo
UPSTREAM_REV=e352b02f794f701407b39af08576035ba3360d60
UPSTREAM_REF=3.1.4
