# SDL2_mixer's origin. Read by `common/upstream-fetch.sh`.
#
# `release-2.8.2` is a lightweight tag, so the hash is the commit itself. The 2.x line targets
# SDL2; 3.x targets SDL3. The enabled codecs are set in `oops-sdl2-mixer.mk`.
UPSTREAM_KIND=git
UPSTREAM_URL=https://github.com/libsdl-org/SDL_mixer
UPSTREAM_REV=b208916aed9250fe434360e6c6a95f0697bb7b01
UPSTREAM_REF=release-2.8.2
