# Opus, read by common/upstream-fetch.sh. The codec Ship of Harkinian decodes its streamed audio
# with, through opusfile.
#
# UPSTREAM_REV must be a full commit hash: a tag can be moved and a branch always is. v1.5.2 is the
# newest release; upstream names no version, taking whatever the system package manager supplies.
UPSTREAM_KIND=git
UPSTREAM_URL=https://github.com/xiph/opus
UPSTREAM_REV=ddbe48383984d56acd9e1ab6a090c54ca6b735a6
UPSTREAM_REF=v1.5.2
