# bshoshany/thread-pool's origin, pinned to the revision `libultraship` asks for.
#
# Header-only C++; Ship of Harkinian includes `BS_thread_pool.hpp`.
#
# A lightweight tag, so the ref and the commit are the same object.
UPSTREAM_KIND=git
UPSTREAM_URL=https://github.com/bshoshany/thread-pool
UPSTREAM_REV=097aa718f25d44315cadb80b407144ad455ee4f9
UPSTREAM_REF=v4.1.0
